
Microsoft Visual Studio Solution File, Format Version 12.00
# Visual Studio Version 16
VisualStudioVersion = 16.0.31321.278
MinimumVisualStudioVersion = 10.0.40219.1
Project("{FAE04EC0-301F-11D3-BF4B-00C04F79EFBC}") = "WebProject", "WebProject\WebProject.csproj", "{E4F07E8A-0377-4943-80B7-2DAF32E10B2E}"
EndProject
Global
	GlobalSection(SolutionConfigurationPlatforms) = preSolution
		Debug|Any CPU = Debug|Any CPU
		Release|Any CPU = Release|Any CPU
	EndGlobalSection
	GlobalSection(ProjectConfigurationPlatforms) = postSolution
		{E4F07E8A-0377-4943-80B7-2DAF32E10B2E}.Debug|Any CPU.ActiveCfg = Debug|Any CPU
		{E4F07E8A-0377-4943-80B7-2DAF32E10B2E}.Debug|Any CPU.Build.0 = Debug|Any CPU
		{E4F07E8A-0377-4943-80B7-2DAF32E10B2E}.Release|Any CPU.ActiveCfg = Release|Any CPU
		{E4F07E8A-0377-4943-80B7-2DAF32E10B2E}.Release|Any CPU.Build.0 = Release|Any CPU
	EndGlobalSection
	GlobalSection(SolutionProperties) = preSolution
		HideSolutionNode = FALSE
	EndGlobalSection
	GlobalSection(ExtensibilityGlobals) = postSolution
		SolutionGuid = {9275D881-72D1-490D-9C20-E5AC56F05F02}
	EndGlobalSection
EndGlobal
